// !$*UTF8*$!
{
	archiveVersion = 1;
	classes = {
	};
	objectVersion = 56;
	objects = {

/* Begin PBXBuildFile section */
		6401E7222AF90D39009BB27B /* DefaultNetworkingService.swift in Sources */ = {isa = PBXBuildFile; fileRef = 6401E7212AF90D39009BB27B /* DefaultNetworkingService.swift */; };
		6401E7242AF90DAF009BB27B /* LayoutViewController.swift in Sources */ = {isa = PBXBuildFile; fileRef = 6401E7232AF90DAF009BB27B /* LayoutViewController.swift */; };
		647597D92B14BB650050A076 /* CalendarView.swift in Sources */ = {isa = PBXBuildFile; fileRef = 647597D82B14BB650050A076 /* CalendarView.swift */; };
		647597DB2B14BD130050A076 /* SearchBarView.swift in Sources */ = {isa = PBXBuildFile; fileRef = 647597DA2B14BD130050A076 /* SearchBarView.swift */; };
		6487F16C2B15D895008C7587 /* TransactionPresenter.swift in Sources */ = {isa = PBXBuildFile; fileRef = 6487F16B2B15D895008C7587 /* TransactionPresenter.swift */; };
		649AD4B12AF2712300F23E59 /* CustomTextView.swift in Sources */ = {isa = PBXBuildFile; fileRef = 649AD4B02AF2712300F23E59 /* CustomTextView.swift */; };
		649AD4B42AF2915500F23E59 /* IQKeyboardManagerSwift in Frameworks */ = {isa = PBXBuildFile; productRef = 649AD4B32AF2915500F23E59 /* IQKeyboardManagerSwift */; };
		64A290DE2AED28600024D32A /* AppDelegate.swift in Sources */ = {isa = PBXBuildFile; fileRef = 64A290DD2AED28600024D32A /* AppDelegate.swift */; };
		64A290E02AED28600024D32A /* SceneDelegate.swift in Sources */ = {isa = PBXBuildFile; fileRef = 64A290DF2AED28600024D32A /* SceneDelegate.swift */; };
		64A290E22AED28600024D32A /* ProfileViewController.swift in Sources */ = {isa = PBXBuildFile; fileRef = 64A290E12AED28600024D32A /* ProfileViewController.swift */; };
		64A290E72AED28600024D32A /* Assets.xcassets in Resources */ = {isa = PBXBuildFile; fileRef = 64A290E62AED28600024D32A /* Assets.xcassets */; };
		64A290EA2AED28600024D32A /* LaunchScreen.storyboard in Resources */ = {isa = PBXBuildFile; fileRef = 64A290E82AED28600024D32A /* LaunchScreen.storyboard */; };
		64A4398C2B0FC27400A6C355 /* TransferViewBottom.swift in Sources */ = {isa = PBXBuildFile; fileRef = 64A4398B2B0FC27400A6C355 /* TransferViewBottom.swift */; };
		64A4398F2B0FC7FF00A6C355 /* HistoryViewController.swift in Sources */ = {isa = PBXBuildFile; fileRef = 64A4398E2B0FC7FF00A6C355 /* HistoryViewController.swift */; };
		64A439952B0FE48800A6C355 /* TransactionCell.swift in Sources */ = {isa = PBXBuildFile; fileRef = 64A439942B0FE48800A6C355 /* TransactionCell.swift */; };
		64AF70562B1E691C00C775EB /* UserModel.swift in Sources */ = {isa = PBXBuildFile; fileRef = 64AF70552B1E691C00C775EB /* UserModel.swift */; };
		64B4C2E12B24FCD000AEF444 /* TransferData.xcdatamodeld in Sources */ = {isa = PBXBuildFile; fileRef = 64B4C2DF2B24FCD000AEF444 /* TransferData.xcdatamodeld */; };
		64B4C2E62B28F16E00AEF444 /* SwiftUIView.swift in Sources */ = {isa = PBXBuildFile; fileRef = 64B4C2E52B28F16E00AEF444 /* SwiftUIView.swift */; };
		64BD42DB2B063FC0004D37CA /* Chips.swift in Sources */ = {isa = PBXBuildFile; fileRef = 64BD42DA2B063FC0004D37CA /* Chips.swift */; };
		64BD42DD2B0640A4004D37CA /* UIImageExtensionPhotoText.swift in Sources */ = {isa = PBXBuildFile; fileRef = 64BD42DC2B0640A4004D37CA /* UIImageExtensionPhotoText.swift */; };
		64BD42DF2B06412B004D37CA /* DepositView.swift in Sources */ = {isa = PBXBuildFile; fileRef = 64BD42DE2B06412B004D37CA /* DepositView.swift */; };
		64BD42E12B064206004D37CA /* LayoutTransferViewController.swift in Sources */ = {isa = PBXBuildFile; fileRef = 64BD42E02B064206004D37CA /* LayoutTransferViewController.swift */; };
		64BD42E32B064408004D37CA /* ContactPickerDelegateExtension.swift in Sources */ = {isa = PBXBuildFile; fileRef = 64BD42E22B064408004D37CA /* ContactPickerDelegateExtension.swift */; };
		64D17CAA2AFF7CD200A3CCC5 /* SecondNetworkingService.swift in Sources */ = {isa = PBXBuildFile; fileRef = 64D17CA92AFF7CD200A3CCC5 /* SecondNetworkingService.swift */; };
		64D17CAC2AFFB7AB00A3CCC5 /* TransferViewController.swift in Sources */ = {isa = PBXBuildFile; fileRef = 64D17CAB2AFFB7AB00A3CCC5 /* TransferViewController.swift */; };
		64ECED832B13AEFA00077610 /* TransactionModel.swift in Sources */ = {isa = PBXBuildFile; fileRef = 64ECED822B13AEFA00077610 /* TransactionModel.swift */; };
		64FDF1612B20757000C6F215 /* ViewController.swift in Sources */ = {isa = PBXBuildFile; fileRef = 64FDF1602B20757000C6F215 /* ViewController.swift */; };
/* End PBXBuildFile section */

/* Begin PBXFileReference section */
		6401E7212AF90D39009BB27B /* DefaultNetworkingService.swift */ = {isa = PBXFileReference; lastKnownFileType = sourcecode.swift; path = DefaultNetworkingService.swift; sourceTree = "<group>"; };
		6401E7232AF90DAF009BB27B /* LayoutViewController.swift */ = {isa = PBXFileReference; lastKnownFileType = sourcecode.swift; path = LayoutViewController.swift; sourceTree = "<group>"; };
		647597D82B14BB650050A076 /* CalendarView.swift */ = {isa = PBXFileReference; lastKnownFileType = sourcecode.swift; path = CalendarView.swift; sourceTree = "<group>"; };
		647597DA2B14BD130050A076 /* SearchBarView.swift */ = {isa = PBXFileReference; lastKnownFileType = sourcecode.swift; path = SearchBarView.swift; sourceTree = "<group>"; };
		6487F16B2B15D895008C7587 /* TransactionPresenter.swift */ = {isa = PBXFileReference; lastKnownFileType = sourcecode.swift; path = TransactionPresenter.swift; sourceTree = "<group>"; };
		649AD4B02AF2712300F23E59 /* CustomTextView.swift */ = {isa = PBXFileReference; lastKnownFileType = sourcecode.swift; path = CustomTextView.swift; sourceTree = "<group>"; };
		64A290DA2AED28600024D32A /* kaspi_app.app */ = {isa = PBXFileReference; explicitFileType = wrapper.application; includeInIndex = 0; path = kaspi_app.app; sourceTree = BUILT_PRODUCTS_DIR; };
		64A290DD2AED28600024D32A /* AppDelegate.swift */ = {isa = PBXFileReference; lastKnownFileType = sourcecode.swift; path = AppDelegate.swift; sourceTree = "<group>"; };
		64A290DF2AED28600024D32A /* SceneDelegate.swift */ = {isa = PBXFileReference; lastKnownFileType = sourcecode.swift; path = SceneDelegate.swift; sourceTree = "<group>"; };
		64A290E12AED28600024D32A /* ProfileViewController.swift */ = {isa = PBXFileReference; lastKnownFileType = sourcecode.swift; path = ProfileViewController.swift; sourceTree = "<group>"; };
		64A290E62AED28600024D32A /* Assets.xcassets */ = {isa = PBXFileReference; lastKnownFileType = folder.assetcatalog; path = Assets.xcassets; sourceTree = "<group>"; };
		64A290E92AED28600024D32A /* Base */ = {isa = PBXFileReference; lastKnownFileType = file.storyboard; name = Base; path = Base.lproj/LaunchScreen.storyboard; sourceTree = "<group>"; };
		64A290EB2AED28600024D32A /* Info.plist */ = {isa = PBXFileReference; lastKnownFileType = text.plist.xml; path = Info.plist; sourceTree = "<group>"; };
		64A4398B2B0FC27400A6C355 /* TransferViewBottom.swift */ = {isa = PBXFileReference; lastKnownFileType = sourcecode.swift; path = TransferViewBottom.swift; sourceTree = "<group>"; };
		64A4398E2B0FC7FF00A6C355 /* HistoryViewController.swift */ = {isa = PBXFileReference; lastKnownFileType = sourcecode.swift; path = HistoryViewController.swift; sourceTree = "<group>"; };
		64A439942B0FE48800A6C355 /* TransactionCell.swift */ = {isa = PBXFileReference; lastKnownFileType = sourcecode.swift; path = TransactionCell.swift; sourceTree = "<group>"; };
		64AF70552B1E691C00C775EB /* UserModel.swift */ = {isa = PBXFileReference; lastKnownFileType = sourcecode.swift; path = UserModel.swift; sourceTree = "<group>"; };
		64B4C2E02B24FCD000AEF444 /* TransactionModel.xcdatamodel */ = {isa = PBXFileReference; lastKnownFileType = wrapper.xcdatamodel; path = TransactionModel.xcdatamodel; sourceTree = "<group>"; };
		64B4C2E52B28F16E00AEF444 /* SwiftUIView.swift */ = {isa = PBXFileReference; lastKnownFileType = sourcecode.swift; path = SwiftUIView.swift; sourceTree = "<group>"; };
		64BD42DA2B063FC0004D37CA /* Chips.swift */ = {isa = PBXFileReference; lastKnownFileType = sourcecode.swift; path = Chips.swift; sourceTree = "<group>"; };
		64BD42DC2B0640A4004D37CA /* UIImageExtensionPhotoText.swift */ = {isa = PBXFileReference; lastKnownFileType = sourcecode.swift; path = UIImageExtensionPhotoText.swift; sourceTree = "<group>"; };
		64BD42DE2B06412B004D37CA /* DepositView.swift */ = {isa = PBXFileReference; lastKnownFileType = sourcecode.swift; path = DepositView.swift; sourceTree = "<group>"; };
		64BD42E02B064206004D37CA /* LayoutTransferViewController.swift */ = {isa = PBXFileReference; lastKnownFileType = sourcecode.swift; path = LayoutTransferViewController.swift; sourceTree = "<group>"; };
		64BD42E22B064408004D37CA /* ContactPickerDelegateExtension.swift */ = {isa = PBXFileReference; lastKnownFileType = sourcecode.swift; path = ContactPickerDelegateExtension.swift; sourceTree = "<group>"; };
		64D17CA92AFF7CD200A3CCC5 /* SecondNetworkingService.swift */ = {isa = PBXFileReference; lastKnownFileType = sourcecode.swift; path = SecondNetworkingService.swift; sourceTree = "<group>"; };
		64D17CAB2AFFB7AB00A3CCC5 /* TransferViewController.swift */ = {isa = PBXFileReference; lastKnownFileType = sourcecode.swift; path = TransferViewController.swift; sourceTree = "<group>"; };
		64ECED822B13AEFA00077610 /* TransactionModel.swift */ = {isa = PBXFileReference; lastKnownFileType = sourcecode.swift; path = TransactionModel.swift; sourceTree = "<group>"; };
		64FDF1602B20757000C6F215 /* ViewController.swift */ = {isa = PBXFileReference; lastKnownFileType = sourcecode.swift; path = ViewController.swift; sourceTree = "<group>"; };
/* End PBXFileReference section */

/* Begin PBXFrameworksBuildPhase section */
		64A290D72AED28600024D32A /* Frameworks */ = {
			isa = PBXFrameworksBuildPhase;
			buildActionMask = 2147483647;
			files = (
				649AD4B42AF2915500F23E59 /* IQKeyboardManagerSwift in Frameworks */,
			);
			runOnlyForDeploymentPostprocessing = 0;
		};
/* End PBXFrameworksBuildPhase section */

/* Begin PBXGroup section */
		6487F16D2B15DC95008C7587 /* TransactionMVP */ = {
			isa = PBXGroup;
			children = (
				64A4398E2B0FC7FF00A6C355 /* HistoryViewController.swift */,
				64D17CAB2AFFB7AB00A3CCC5 /* TransferViewController.swift */,
				6487F16B2B15D895008C7587 /* TransactionPresenter.swift */,
				64B4C2E22B26226D00AEF444 /* Models */,
				64A4398D2B0FC7BD00A6C355 /* HistoryCustomViews */,
				64BD42D82B063F43004D37CA /* TransfeCustomViewr */,
				64E819042B0DFA9400462730 /* Profile */,
			);
			path = TransactionMVP;
			sourceTree = "<group>";
		};
		64A290D12AED28600024D32A = {
			isa = PBXGroup;
			children = (
				64A290DC2AED28600024D32A /* kaspi_app */,
				64A290DB2AED28600024D32A /* Products */,
			);
			sourceTree = "<group>";
		};
		64A290DB2AED28600024D32A /* Products */ = {
			isa = PBXGroup;
			children = (
				64A290DA2AED28600024D32A /* kaspi_app.app */,
			);
			name = Products;
			sourceTree = "<group>";
		};
		64A290DC2AED28600024D32A /* kaspi_app */ = {
			isa = PBXGroup;
			children = (
				6487F16D2B15DC95008C7587 /* TransactionMVP */,
				64A290E82AED28600024D32A /* LaunchScreen.storyboard */,
				64A290EB2AED28600024D32A /* Info.plist */,
				64A290E62AED28600024D32A /* Assets.xcassets */,
				64B4C2E52B28F16E00AEF444 /* SwiftUIView.swift */,
				64A290DF2AED28600024D32A /* SceneDelegate.swift */,
				64A290DD2AED28600024D32A /* AppDelegate.swift */,
				64FDF1602B20757000C6F215 /* ViewController.swift */,
			);
			path = kaspi_app;
			sourceTree = "<group>";
		};
		64A4398D2B0FC7BD00A6C355 /* HistoryCustomViews */ = {
			isa = PBXGroup;
			children = (
				64A439942B0FE48800A6C355 /* TransactionCell.swift */,
				647597D82B14BB650050A076 /* CalendarView.swift */,
				647597DA2B14BD130050A076 /* SearchBarView.swift */,
			);
			path = HistoryCustomViews;
			sourceTree = "<group>";
		};
		64B4C2E22B26226D00AEF444 /* Models */ = {
			isa = PBXGroup;
			children = (
				64ECED822B13AEFA00077610 /* TransactionModel.swift */,
				64AF70552B1E691C00C775EB /* UserModel.swift */,
				64B4C2DF2B24FCD000AEF444 /* TransferData.xcdatamodeld */,
			);
			path = Models;
			sourceTree = "<group>";
		};
		64BD42D82B063F43004D37CA /* TransfeCustomViewr */ = {
			isa = PBXGroup;
			children = (
				64BD42DE2B06412B004D37CA /* DepositView.swift */,
				64A4398B2B0FC27400A6C355 /* TransferViewBottom.swift */,
				64BD42DA2B063FC0004D37CA /* Chips.swift */,
				64BD42E02B064206004D37CA /* LayoutTransferViewController.swift */,
				64BD42E22B064408004D37CA /* ContactPickerDelegateExtension.swift */,
				64BD42DC2B0640A4004D37CA /* UIImageExtensionPhotoText.swift */,
			);
			path = TransfeCustomViewr;
			sourceTree = "<group>";
		};
		64E819042B0DFA9400462730 /* Profile */ = {
			isa = PBXGroup;
			children = (
				64D17CA92AFF7CD200A3CCC5 /* SecondNetworkingService.swift */,
				64A290E12AED28600024D32A /* ProfileViewController.swift */,
				6401E7212AF90D39009BB27B /* DefaultNetworkingService.swift */,
				6401E7232AF90DAF009BB27B /* LayoutViewController.swift */,
				649AD4B02AF2712300F23E59 /* CustomTextView.swift */,
			);
			path = Profile;
			sourceTree = "<group>";
		};
/* End PBXGroup section */

/* Begin PBXNativeTarget section */
		64A290D92AED28600024D32A /* kaspi_app */ = {
			isa = PBXNativeTarget;
			buildConfigurationList = 64A290EE2AED28600024D32A /* Build configuration list for PBXNativeTarget "kaspi_app" */;
			buildPhases = (
				64A290D62AED28600024D32A /* Sources */,
				64A290D72AED28600024D32A /* Frameworks */,
				64A290D82AED28600024D32A /* Resources */,
			);
			buildRules = (
			);
			dependencies = (
			);
			name = kaspi_app;
			packageProductDependencies = (
				649AD4B32AF2915500F23E59 /* IQKeyboardManagerSwift */,
			);
			productName = kaspi_app;
			productReference = 64A290DA2AED28600024D32A /* kaspi_app.app */;
			productType = "com.apple.product-type.application";
		};
/* End PBXNativeTarget section */

/* Begin PBXProject section */
		64A290D22AED28600024D32A /* Project object */ = {
			isa = PBXProject;
			attributes = {
				BuildIndependentTargetsInParallel = 1;
				LastSwiftUpdateCheck = 1430;
				LastUpgradeCheck = 1430;
				TargetAttributes = {
					64A290D92AED28600024D32A = {
						CreatedOnToolsVersion = 14.3.1;
					};
				};
			};
			buildConfigurationList = 64A290D52AED28600024D32A /* Build configuration list for PBXProject "kaspi_app" */;
			compatibilityVersion = "Xcode 14.0";
			developmentRegion = en;
			hasScannedForEncodings = 0;
			knownRegions = (
				en,
				Base,
			);
			mainGroup = 64A290D12AED28600024D32A;
			packageReferences = (
				649AD4B22AF2915500F23E59 /* XCRemoteSwiftPackageReference "IQKeyboardManager" */,
			);
			productRefGroup = 64A290DB2AED28600024D32A /* Products */;
			projectDirPath = "";
			projectRoot = "";
			targets = (
				64A290D92AED28600024D32A /* kaspi_app */,
			);
		};
/* End PBXProject section */

/* Begin PBXResourcesBuildPhase section */
		64A290D82AED28600024D32A /* Resources */ = {
			isa = PBXResourcesBuildPhase;
			buildActionMask = 2147483647;
			files = (
				64A290EA2AED28600024D32A /* LaunchScreen.storyboard in Resources */,
				64A290E72AED28600024D32A /* Assets.xcassets in Resources */,
			);
			runOnlyForDeploymentPostprocessing = 0;
		};
/* End PBXResourcesBuildPhase section */

/* Begin PBXSourcesBuildPhase section */
		64A290D62AED28600024D32A /* Sources */ = {
			isa = PBXSourcesBuildPhase;
			buildActionMask = 2147483647;
			files = (
				64FDF1612B20757000C6F215 /* ViewController.swift in Sources */,
				647597DB2B14BD130050A076 /* SearchBarView.swift in Sources */,
				64B4C2E62B28F16E00AEF444 /* SwiftUIView.swift in Sources */,
				64D17CAC2AFFB7AB00A3CCC5 /* TransferViewController.swift in Sources */,
				6487F16C2B15D895008C7587 /* TransactionPresenter.swift in Sources */,
				64A439952B0FE48800A6C355 /* TransactionCell.swift in Sources */,
				64D17CAA2AFF7CD200A3CCC5 /* SecondNetworkingService.swift in Sources */,
				6401E7242AF90DAF009BB27B /* LayoutViewController.swift in Sources */,
				649AD4B12AF2712300F23E59 /* CustomTextView.swift in Sources */,
				64ECED832B13AEFA00077610 /* TransactionModel.swift in Sources */,
				64A290E22AED28600024D32A /* ProfileViewController.swift in Sources */,
				64AF70562B1E691C00C775EB /* UserModel.swift in Sources */,
				6401E7222AF90D39009BB27B /* DefaultNetworkingService.swift in Sources */,
				64A4398F2B0FC7FF00A6C355 /* HistoryViewController.swift in Sources */,
				64B4C2E12B24FCD000AEF444 /* TransferData.xcdatamodeld in Sources */,
				64BD42DB2B063FC0004D37CA /* Chips.swift in Sources */,
				64A4398C2B0FC27400A6C355 /* TransferViewBottom.swift in Sources */,
				647597D92B14BB650050A076 /* CalendarView.swift in Sources */,
				64BD42DD2B0640A4004D37CA /* UIImageExtensionPhotoText.swift in Sources */,
				64A290DE2AED28600024D32A /* AppDelegate.swift in Sources */,
				64A290E02AED28600024D32A /* SceneDelegate.swift in Sources */,
				64BD42E12B064206004D37CA /* LayoutTransferViewController.swift in Sources */,
				64BD42DF2B06412B004D37CA /* DepositView.swift in Sources */,
				64BD42E32B064408004D37CA /* ContactPickerDelegateExtension.swift in Sources */,
			);
			runOnlyForDeploymentPostprocessing = 0;
		};
/* End PBXSourcesBuildPhase section */

/* Begin PBXVariantGroup section */
		64A290E82AED28600024D32A /* LaunchScreen.storyboard */ = {
			isa = PBXVariantGroup;
			children = (
				64A290E92AED28600024D32A /* Base */,
			);
			name = LaunchScreen.storyboard;
			sourceTree = "<group>";
		};
/* End PBXVariantGroup section */

/* Begin XCBuildConfiguration section */
		64A290EC2AED28600024D32A /* Debug */ = {
			isa = XCBuildConfiguration;
			buildSettings = {
				ALWAYS_SEARCH_USER_PATHS = NO;
				CLANG_ANALYZER_NONNULL = YES;
				CLANG_ANALYZER_NUMBER_OBJECT_CONVERSION = YES_AGGRESSIVE;
				CLANG_CXX_LANGUAGE_STANDARD = "gnu++20";
				CLANG_ENABLE_MODULES = YES;
				CLANG_ENABLE_OBJC_ARC = YES;
				CLANG_ENABLE_OBJC_WEAK = YES;
				CLANG_WARN_BLOCK_CAPTURE_AUTORELEASING = YES;
				CLANG_WARN_BOOL_CONVERSION = YES;
				CLANG_WARN_COMMA = YES;
				CLANG_WARN_CONSTANT_CONVERSION = YES;
				CLANG_WARN_DEPRECATED_OBJC_IMPLEMENTATIONS = YES;
				CLANG_WARN_DIRECT_OBJC_ISA_USAGE = YES_ERROR;
				CLANG_WARN_DOCUMENTATION_COMMENTS = YES;
				CLANG_WARN_EMPTY_BODY = YES;
				CLANG_WARN_ENUM_CONVERSION = YES;
				CLANG_WARN_INFINITE_RECURSION = YES;
				CLANG_WARN_INT_CONVERSION = YES;
				CLANG_WARN_NON_LITERAL_NULL_CONVERSION = YES;
				CLANG_WARN_OBJC_IMPLICIT_RETAIN_SELF = YES;
				CLANG_WARN_OBJC_LITERAL_CONVERSION = YES;
				CLANG_WARN_OBJC_ROOT_CLASS = YES_ERROR;
				CLANG_WARN_QUOTED_INCLUDE_IN_FRAMEWORK_HEADER = YES;
				CLANG_WARN_RANGE_LOOP_ANALYSIS = YES;
				CLANG_WARN_STRICT_PROTOTYPES = YES;
				CLANG_WARN_SUSPICIOUS_MOVE = YES;
				CLANG_WARN_UNGUARDED_AVAILABILITY = YES_AGGRESSIVE;
				CLANG_WARN_UNREACHABLE_CODE = YES;
				CLANG_WARN__DUPLICATE_METHOD_MATCH = YES;
				COPY_PHASE_STRIP = NO;
				DEBUG_INFORMATION_FORMAT = dwarf;
				ENABLE_STRICT_OBJC_MSGSEND = YES;
				ENABLE_TESTABILITY = YES;
				GCC_C_LANGUAGE_STANDARD = gnu11;
				GCC_DYNAMIC_NO_PIC = NO;
				GCC_NO_COMMON_BLOCKS = YES;
				GCC_OPTIMIZATION_LEVEL = 0;
				GCC_PREPROCESSOR_DEFINITIONS = (
					"DEBUG=1",
					"$(inherited)",
				);
				GCC_WARN_64_TO_32_BIT_CONVERSION = YES;
				GCC_WARN_ABOUT_RETURN_TYPE = YES_ERROR;
				GCC_WARN_UNDECLARED_SELECTOR = YES;
				GCC_WARN_UNINITIALIZED_AUTOS = YES_AGGRESSIVE;
				GCC_WARN_UNUSED_FUNCTION = YES;
				GCC_WARN_UNUSED_VARIABLE = YES;
				IPHONEOS_DEPLOYMENT_TARGET = 16.4;
				MTL_ENABLE_DEBUG_INFO = INCLUDE_SOURCE;
				MTL_FAST_MATH = YES;
				ONLY_ACTIVE_ARCH = YES;
				SDKROOT = iphoneos;
				SWIFT_ACTIVE_COMPILATION_CONDITIONS = DEBUG;
				SWIFT_OPTIMIZATION_LEVEL = "-Onone";
			};
			name = Debug;
		};
		64A290ED2AED28600024D32A /* Release */ = {
			isa = XCBuildConfiguration;
			buildSettings = {
				ALWAYS_SEARCH_USER_PATHS = NO;
				CLANG_ANALYZER_NONNULL = YES;
				CLANG_ANALYZER_NUMBER_OBJECT_CONVERSION = YES_AGGRESSIVE;
				CLANG_CXX_LANGUAGE_STANDARD = "gnu++20";
				CLANG_ENABLE_MODULES = YES;
				CLANG_ENABLE_OBJC_ARC = YES;
				CLANG_ENABLE_OBJC_WEAK = YES;
				CLANG_WARN_BLOCK_CAPTURE_AUTORELEASING = YES;
				CLANG_WARN_BOOL_CONVERSION = YES;
				CLANG_WARN_COMMA = YES;
				CLANG_WARN_CONSTANT_CONVERSION = YES;
				CLANG_WARN_DEPRECATED_OBJC_IMPLEMENTATIONS = YES;
				CLANG_WARN_DIRECT_OBJC_ISA_USAGE = YES_ERROR;
				CLANG_WARN_DOCUMENTATION_COMMENTS = YES;
				CLANG_WARN_EMPTY_BODY = YES;
				CLANG_WARN_ENUM_CONVERSION = YES;
				CLANG_WARN_INFINITE_RECURSION = YES;
				CLANG_WARN_INT_CONVERSION = YES;
				CLANG_WARN_NON_LITERAL_NULL_CONVERSION = YES;
				CLANG_WARN_OBJC_IMPLICIT_RETAIN_SELF = YES;
				CLANG_WARN_OBJC_LITERAL_CONVERSION = YES;
				CLANG_WARN_OBJC_ROOT_CLASS = YES_ERROR;
				CLANG_WARN_QUOTED_INCLUDE_IN_FRAMEWORK_HEADER = YES;
				CLANG_WARN_RANGE_LOOP_ANALYSIS = YES;
				CLANG_WARN_STRICT_PROTOTYPES = YES;
				CLANG_WARN_SUSPICIOUS_MOVE = YES;
				CLANG_WARN_UNGUARDED_AVAILABILITY = YES_AGGRESSIVE;
				CLANG_WARN_UNREACHABLE_CODE = YES;
				CLANG_WARN__DUPLICATE_METHOD_MATCH = YES;
				COPY_PHASE_STRIP = NO;
				DEBUG_INFORMATION_FORMAT = "dwarf-with-dsym";
				ENABLE_NS_ASSERTIONS = NO;
				ENABLE_STRICT_OBJC_MSGSEND = YES;
				GCC_C_LANGUAGE_STANDARD = gnu11;
				GCC_NO_COMMON_BLOCKS = YES;
				GCC_WARN_64_TO_32_BIT_CONVERSION = YES;
				GCC_WARN_ABOUT_RETURN_TYPE = YES_ERROR;
				GCC_WARN_UNDECLARED_SELECTOR = YES;
				GCC_WARN_UNINITIALIZED_AUTOS = YES_AGGRESSIVE;
				GCC_WARN_UNUSED_FUNCTION = YES;
				GCC_WARN_UNUSED_VARIABLE = YES;
				IPHONEOS_DEPLOYMENT_TARGET = 16.4;
				MTL_ENABLE_DEBUG_INFO = NO;
				MTL_FAST_MATH = YES;
				SDKROOT = iphoneos;
				SWIFT_COMPILATION_MODE = wholemodule;
				SWIFT_OPTIMIZATION_LEVEL = "-O";
				VALIDATE_PRODUCT = YES;
			};
			name = Release;
		};
		64A290EF2AED28600024D32A /* Debug */ = {
			isa = XCBuildConfiguration;
			buildSettings = {
				ASSETCATALOG_COMPILER_APPICON_NAME = AppIcon;
				ASSETCATALOG_COMPILER_GLOBAL_ACCENT_COLOR_NAME = AccentColor;
				CODE_SIGN_STYLE = Automatic;
				CURRENT_PROJECT_VERSION = 1;
				GENERATE_INFOPLIST_FILE = YES;
				INFOPLIST_FILE = kaspi_app/Info.plist;
				INFOPLIST_KEY_UIApplicationSupportsIndirectInputEvents = YES;
				INFOPLIST_KEY_UILaunchStoryboardName = LaunchScreen;
				INFOPLIST_KEY_UIStatusBarStyle = "";
				INFOPLIST_KEY_UISupportedInterfaceOrientations_iPad = "UIInterfaceOrientationPortrait UIInterfaceOrientationPortraitUpsideDown UIInterfaceOrientationLandscapeLeft UIInterfaceOrientationLandscapeRight";
				INFOPLIST_KEY_UISupportedInterfaceOrientations_iPhone = "UIInterfaceOrientationPortrait UIInterfaceOrientationLandscapeLeft UIInterfaceOrientationLandscapeRight";
				IPHONEOS_DEPLOYMENT_TARGET = 16.0;
				LD_RUNPATH_SEARCH_PATHS = (
					"$(inherited)",
					"@executable_path/Frameworks",
				);
				MARKETING_VERSION = 1.0;
				PRODUCT_BUNDLE_IDENTIFIER = "Kazybekov.Yersin.kaspi-app";
				PRODUCT_NAME = "$(TARGET_NAME)";
				SWIFT_EMIT_LOC_STRINGS = YES;
				SWIFT_VERSION = 5.0;
				TARGETED_DEVICE_FAMILY = "1,2";
			};
			name = Debug;
		};
		64A290F02AED28600024D32A /* Release */ = {
			isa = XCBuildConfiguration;
			buildSettings = {
				ASSETCATALOG_COMPILER_APPICON_NAME = AppIcon;
				ASSETCATALOG_COMPILER_GLOBAL_ACCENT_COLOR_NAME = AccentColor;
				CODE_SIGN_STYLE = Automatic;
				CURRENT_PROJECT_VERSION = 1;
				GENERATE_INFOPLIST_FILE = YES;
				INFOPLIST_FILE = kaspi_app/Info.plist;
				INFOPLIST_KEY_UIApplicationSupportsIndirectInputEvents = YES;
				INFOPLIST_KEY_UILaunchStoryboardName = LaunchScreen;
				INFOPLIST_KEY_UIStatusBarStyle = "";
				INFOPLIST_KEY_UISupportedInterfaceOrientations_iPad = "UIInterfaceOrientationPortrait UIInterfaceOrientationPortraitUpsideDown UIInterfaceOrientationLandscapeLeft UIInterfaceOrientationLandscapeRight";
				INFOPLIST_KEY_UISupportedInterfaceOrientations_iPhone = "UIInterfaceOrientationPortrait UIInterfaceOrientationLandscapeLeft UIInterfaceOrientationLandscapeRight";
				IPHONEOS_DEPLOYMENT_TARGET = 16.0;
				LD_RUNPATH_SEARCH_PATHS = (
					"$(inherited)",
					"@executable_path/Frameworks",
				);
				MARKETING_VERSION = 1.0;
				PRODUCT_BUNDLE_IDENTIFIER = "Kazybekov.Yersin.kaspi-app";
				PRODUCT_NAME = "$(TARGET_NAME)";
				SWIFT_EMIT_LOC_STRINGS = YES;
				SWIFT_VERSION = 5.0;
				TARGETED_DEVICE_FAMILY = "1,2";
			};
			name = Release;
		};
/* End XCBuildConfiguration section */

/* Begin XCConfigurationList section */
		64A290D52AED28600024D32A /* Build configuration list for PBXProject "kaspi_app" */ = {
			isa = XCConfigurationList;
			buildConfigurations = (
				64A290EC2AED28600024D32A /* Debug */,
				64A290ED2AED28600024D32A /* Release */,
			);
			defaultConfigurationIsVisible = 0;
			defaultConfigurationName = Release;
		};
		64A290EE2AED28600024D32A /* Build configuration list for PBXNativeTarget "kaspi_app" */ = {
			isa = XCConfigurationList;
			buildConfigurations = (
				64A290EF2AED28600024D32A /* Debug */,
				64A290F02AED28600024D32A /* Release */,
			);
			defaultConfigurationIsVisible = 0;
			defaultConfigurationName = Release;
		};
/* End XCConfigurationList section */

/* Begin XCRemoteSwiftPackageReference section */
		649AD4B22AF2915500F23E59 /* XCRemoteSwiftPackageReference "IQKeyboardManager" */ = {
			isa = XCRemoteSwiftPackageReference;
			repositoryURL = "https://github.com/hackiftekhar/IQKeyboardManager.git";
			requirement = {
				kind = upToNextMajorVersion;
				minimumVersion = 6.0.0;
			};
		};
/* End XCRemoteSwiftPackageReference section */

/* Begin XCSwiftPackageProductDependency section */
		649AD4B32AF2915500F23E59 /* IQKeyboardManagerSwift */ = {
			isa = XCSwiftPackageProductDependency;
			package = 649AD4B22AF2915500F23E59 /* XCRemoteSwiftPackageReference "IQKeyboardManager" */;
			productName = IQKeyboardManagerSwift;
		};
/* End XCSwiftPackageProductDependency section */

/* Begin XCVersionGroup section */
		64B4C2DF2B24FCD000AEF444 /* TransferData.xcdatamodeld */ = {
			isa = XCVersionGroup;
			children = (
				64B4C2E02B24FCD000AEF444 /* TransactionModel.xcdatamodel */,
			);
			currentVersion = 64B4C2E02B24FCD000AEF444 /* TransactionModel.xcdatamodel */;
			path = TransferData.xcdatamodeld;
			sourceTree = "<group>";
			versionGroupType = wrapper.xcdatamodel;
		};
/* End XCVersionGroup section */
	};
	rootObject = 64A290D22AED28600024D32A /* Project object */;
}
